// !$*UTF8*$!
{
	archiveVersion = 1;
	classes = {
	};
	objectVersion = 51;
	objects = {

/* Begin PBXBuildFile section */
		53D2C142ACB8A4D6560EC0BA /* Pods_idus.framework in Frameworks */ = {isa = PBXBuildFile; fileRef = 60D66314D730CD63119D70A7 /* Pods_idus.framework */; };
		6F2C026526CB7017004A32FF /* loginReq.swift in Sources */ = {isa = PBXBuildFile; fileRef = 6F2C026426CB7017004A32FF /* loginReq.swift */; };
		6F2C026726CB7022004A32FF /* loginRes.swift in Sources */ = {isa = PBXBuildFile; fileRef = 6F2C026626CB7022004A32FF /* loginRes.swift */; };
		6F2C026926CB71BB004A32FF /* loginDataManager.swift in Sources */ = {isa = PBXBuildFile; fileRef = 6F2C026826CB71BB004A32FF /* loginDataManager.swift */; };
		6F2C026C26CB72A8004A32FF /* Constant.swift in Sources */ = {isa = PBXBuildFile; fileRef = 6F2C026B26CB72A8004A32FF /* Constant.swift */; };
		6F79205A26CBFE1B005D07FA /* signupDataManager.swift in Sources */ = {isa = PBXBuildFile; fileRef = 6F79205926CBFE1B005D07FA /* signupDataManager.swift */; };
		6F79205C26CBFEF7005D07FA /* signupReq.swift in Sources */ = {isa = PBXBuildFile; fileRef = 6F79205B26CBFEF7005D07FA /* signupReq.swift */; };
		6F79205E26CBFF0C005D07FA /* signupRes.swift in Sources */ = {isa = PBXBuildFile; fileRef = 6F79205D26CBFF0C005D07FA /* signupRes.swift */; };
		6F79206326CD21D4005D07FA /* mypageDataManager.swift in Sources */ = {isa = PBXBuildFile; fileRef = 6F79206226CD21D4005D07FA /* mypageDataManager.swift */; };
		6F79206526CD21F4005D07FA /* myPageReq.swift in Sources */ = {isa = PBXBuildFile; fileRef = 6F79206426CD21F4005D07FA /* myPageReq.swift */; };
		6F79206A26CD6941005D07FA /* myPageRes.swift in Sources */ = {isa = PBXBuildFile; fileRef = 6F79206926CD6941005D07FA /* myPageRes.swift */; };
		6F8C491E26CB987C00E4E1C4 /* UIViewController.swift in Sources */ = {isa = PBXBuildFile; fileRef = 6F8C491D26CB987C00E4E1C4 /* UIViewController.swift */; };
		6F8C492026CB98F200E4E1C4 /* IndicatorView.swift in Sources */ = {isa = PBXBuildFile; fileRef = 6F8C491F26CB98F200E4E1C4 /* IndicatorView.swift */; };
		6F8C492226CB990900E4E1C4 /* Device.swift in Sources */ = {isa = PBXBuildFile; fileRef = 6F8C492126CB990900E4E1C4 /* Device.swift */; };
		6F8C492426CB999900E4E1C4 /* String.swift in Sources */ = {isa = PBXBuildFile; fileRef = 6F8C492326CB999900E4E1C4 /* String.swift */; };
		6F8C492626CB9A0600E4E1C4 /* Color.swift in Sources */ = {isa = PBXBuildFile; fileRef = 6F8C492526CB9A0600E4E1C4 /* Color.swift */; };
		6F8C492826CB9FB500E4E1C4 /* mainpage.png in Resources */ = {isa = PBXBuildFile; fileRef = 6F8C492726CB9FB500E4E1C4 /* mainpage.png */; };
		6F8C492A26CBD47500E4E1C4 /* signupViewController.swift in Sources */ = {isa = PBXBuildFile; fileRef = 6F8C492926CBD47500E4E1C4 /* signupViewController.swift */; };
		6F9CD69726C9695100A2AEC0 /* FocusView.xib in Resources */ = {isa = PBXBuildFile; fileRef = 6F9CD69626C9695100A2AEC0 /* FocusView.xib */; };
		6F9CD69926CA200A00A2AEC0 /* todayViewController.swift in Sources */ = {isa = PBXBuildFile; fileRef = 6F9CD69826CA200A00A2AEC0 /* todayViewController.swift */; };
		6F9CD6C226CACD0800A2AEC0 /* mypageBaner.png in Resources */ = {isa = PBXBuildFile; fileRef = 6F9CD6C026CACD0800A2AEC0 /* mypageBaner.png */; };
		6F9CD6C326CACD0800A2AEC0 /* profileImage.png in Resources */ = {isa = PBXBuildFile; fileRef = 6F9CD6C126CACD0800A2AEC0 /* profileImage.png */; };
		6F9CD6C526CAD14500A2AEC0 /* loginViewController.swift in Sources */ = {isa = PBXBuildFile; fileRef = 6F9CD6C426CAD14500A2AEC0 /* loginViewController.swift */; };
		6F9F6CAE26C9436D00802FD1 /* mainidus.png in Resources */ = {isa = PBXBuildFile; fileRef = 6F9F6CAD26C9436D00802FD1 /* mainidus.png */; };
		6F9F6CB026C94F2400802FD1 /* MenuCell.swift in Sources */ = {isa = PBXBuildFile; fileRef = 6F9F6CAF26C94F2400802FD1 /* MenuCell.swift */; };
		6F9F6CB626C94F8C00802FD1 /* MenuCell.xib in Resources */ = {isa = PBXBuildFile; fileRef = 6F9F6CB526C94F8C00802FD1 /* MenuCell.xib */; };
		6FDE138A26CE237900A52132 /* todayTableViewCell.swift in Sources */ = {isa = PBXBuildFile; fileRef = 6FDE138926CE237900A52132 /* todayTableViewCell.swift */; };
		6FDE138C26CE23A100A52132 /* todayTableViewCell.xib in Resources */ = {isa = PBXBuildFile; fileRef = 6FDE138B26CE23A100A52132 /* todayTableViewCell.xib */; };
		6FDE139026CE25F000A52132 /* today2.jpeg in Resources */ = {isa = PBXBuildFile; fileRef = 6FDE138D26CE25F000A52132 /* today2.jpeg */; };
		6FDE139126CE25F000A52132 /* today3.jpeg in Resources */ = {isa = PBXBuildFile; fileRef = 6FDE138E26CE25F000A52132 /* today3.jpeg */; };
		6FDE139226CE25F000A52132 /* today1.jpeg in Resources */ = {isa = PBXBuildFile; fileRef = 6FDE138F26CE25F000A52132 /* today1.jpeg */; };
		6FDE13A226CE4FC100A52132 /* CollectionViewCell.swift in Sources */ = {isa = PBXBuildFile; fileRef = 6FDE13A026CE4FC100A52132 /* CollectionViewCell.swift */; };
		6FDE13A326CE4FC100A52132 /* CollectionViewCell.xib in Resources */ = {isa = PBXBuildFile; fileRef = 6FDE13A126CE4FC100A52132 /* CollectionViewCell.xib */; };
		6FEE742D26C7DA7700D0D159 /* AppDelegate.swift in Sources */ = {isa = PBXBuildFile; fileRef = 6FEE742C26C7DA7700D0D159 /* AppDelegate.swift */; };
		6FEE742F26C7DA7700D0D159 /* SceneDelegate.swift in Sources */ = {isa = PBXBuildFile; fileRef = 6FEE742E26C7DA7700D0D159 /* SceneDelegate.swift */; };
		6FEE743126C7DA7700D0D159 /* ViewController.swift in Sources */ = {isa = PBXBuildFile; fileRef = 6FEE743026C7DA7700D0D159 /* ViewController.swift */; };
		6FEE743426C7DA7700D0D159 /* Main.storyboard in Resources */ = {isa = PBXBuildFile; fileRef = 6FEE743226C7DA7700D0D159 /* Main.storyboard */; };
		6FEE743626C7DA7900D0D159 /* Assets.xcassets in Resources */ = {isa = PBXBuildFile; fileRef = 6FEE743526C7DA7900D0D159 /* Assets.xcassets */; };
		6FEE743926C7DA7900D0D159 /* LaunchScreen.storyboard in Resources */ = {isa = PBXBuildFile; fileRef = 6FEE743726C7DA7900D0D159 /* LaunchScreen.storyboard */; };
		6FEE744226C7DF9600D0D159 /* kakao.png in Resources */ = {isa = PBXBuildFile; fileRef = 6FEE744126C7DF9600D0D159 /* kakao.png */; };
		6FEE744426C7DFA400D0D159 /* btnG_완성형.png in Resources */ = {isa = PBXBuildFile; fileRef = 6FEE744326C7DFA400D0D159 /* btnG_완성형.png */; };
		6FEE744726C7E5B100D0D159 /* MyPageViewController.swift in Sources */ = {isa = PBXBuildFile; fileRef = 6FEE744626C7E5B100D0D159 /* MyPageViewController.swift */; };
		6FEE744926C7EC8000D0D159 /* MainViewController.swift in Sources */ = {isa = PBXBuildFile; fileRef = 6FEE744826C7EC8000D0D159 /* MainViewController.swift */; };
		6FEE744B26C802B400D0D159 /* mypagebottom.jpeg in Resources */ = {isa = PBXBuildFile; fileRef = 6FEE744A26C802B300D0D159 /* mypagebottom.jpeg */; };
		6FEE744D26C8036C00D0D159 /* mainImage.jpg in Resources */ = {isa = PBXBuildFile; fileRef = 6FEE744C26C8036C00D0D159 /* mainImage.jpg */; };
		6FEE745626C81E5A00D0D159 /* signup.png in Resources */ = {isa = PBXBuildFile; fileRef = 6FEE745526C81E5900D0D159 /* signup.png */; };
/* End PBXBuildFile section */

/* Begin PBXFileReference section */
		60D66314D730CD63119D70A7 /* Pods_idus.framework */ = {isa = PBXFileReference; explicitFileType = wrapper.framework; includeInIndex = 0; path = Pods_idus.framework; sourceTree = BUILT_PRODUCTS_DIR; };
		6F2C026426CB7017004A32FF /* loginReq.swift */ = {isa = PBXFileReference; lastKnownFileType = sourcecode.swift; path = loginReq.swift; sourceTree = "<group>"; };
		6F2C026626CB7022004A32FF /* loginRes.swift */ = {isa = PBXFileReference; lastKnownFileType = sourcecode.swift; path = loginRes.swift; sourceTree = "<group>"; };
		6F2C026826CB71BB004A32FF /* loginDataManager.swift */ = {isa = PBXFileReference; lastKnownFileType = sourcecode.swift; path = loginDataManager.swift; sourceTree = "<group>"; };
		6F2C026B26CB72A8004A32FF /* Constant.swift */ = {isa = PBXFileReference; lastKnownFileType = sourcecode.swift; path = Constant.swift; sourceTree = "<group>"; };
		6F79205926CBFE1B005D07FA /* signupDataManager.swift */ = {isa = PBXFileReference; lastKnownFileType = sourcecode.swift; path = signupDataManager.swift; sourceTree = "<group>"; };
		6F79205B26CBFEF7005D07FA /* signupReq.swift */ = {isa = PBXFileReference; lastKnownFileType = sourcecode.swift; path = signupReq.swift; sourceTree = "<group>"; };
		6F79205D26CBFF0C005D07FA /* signupRes.swift */ = {isa = PBXFileReference; lastKnownFileType = sourcecode.swift; path = signupRes.swift; sourceTree = "<group>"; };
		6F79206226CD21D4005D07FA /* mypageDataManager.swift */ = {isa = PBXFileReference; lastKnownFileType = sourcecode.swift; path = mypageDataManager.swift; sourceTree = "<group>"; };
		6F79206426CD21F4005D07FA /* myPageReq.swift */ = {isa = PBXFileReference; lastKnownFileType = sourcecode.swift; path = myPageReq.swift; sourceTree = "<group>"; };
		6F79206926CD6941005D07FA /* myPageRes.swift */ = {isa = PBXFileReference; lastKnownFileType = sourcecode.swift; path = myPageRes.swift; sourceTree = "<group>"; };
		6F8C48F426CB949600E4E1C4 /* BaseViewController.swift */ = {isa = PBXFileReference; lastKnownFileType = sourcecode.swift; path = BaseViewController.swift; sourceTree = "<group>"; };
		6F8C491626CB94A100E4E1C4 /* TransitionNextViewController.swift */ = {isa = PBXFileReference; lastKnownFileType = sourcecode.swift; path = TransitionNextViewController.swift; sourceTree = "<group>"; };
		6F8C491726CB94A100E4E1C4 /* TransitionViewController.swift */ = {isa = PBXFileReference; lastKnownFileType = sourcecode.swift; path = TransitionViewController.swift; sourceTree = "<group>"; };
		6F8C491826CB94A100E4E1C4 /* ActionViewController.swift */ = {isa = PBXFileReference; lastKnownFileType = sourcecode.swift; path = ActionViewController.swift; sourceTree = "<group>"; };
		6F8C491A26CB94A100E4E1C4 /* AlertViewController.swift */ = {isa = PBXFileReference; lastKnownFileType = sourcecode.swift; path = AlertViewController.swift; sourceTree = "<group>"; };
		6F8C491D26CB987C00E4E1C4 /* UIViewController.swift */ = {isa = PBXFileReference; lastKnownFileType = sourcecode.swift; path = UIViewController.swift; sourceTree = "<group>"; };
		6F8C491F26CB98F200E4E1C4 /* IndicatorView.swift */ = {isa = PBXFileReference; lastKnownFileType = sourcecode.swift; path = IndicatorView.swift; sourceTree = "<group>"; };
		6F8C492126CB990900E4E1C4 /* Device.swift */ = {isa = PBXFileReference; lastKnownFileType = sourcecode.swift; path = Device.swift; sourceTree = "<group>"; };
		6F8C492326CB999900E4E1C4 /* String.swift */ = {isa = PBXFileReference; lastKnownFileType = sourcecode.swift; path = String.swift; sourceTree = "<group>"; };
		6F8C492526CB9A0600E4E1C4 /* Color.swift */ = {isa = PBXFileReference; lastKnownFileType = sourcecode.swift; path = Color.swift; sourceTree = "<group>"; };
		6F8C492726CB9FB500E4E1C4 /* mainpage.png */ = {isa = PBXFileReference; lastKnownFileType = image.png; path = mainpage.png; sourceTree = "<group>"; };
		6F8C492926CBD47500E4E1C4 /* signupViewController.swift */ = {isa = PBXFileReference; lastKnownFileType = sourcecode.swift; path = signupViewController.swift; sourceTree = "<group>"; };
		6F9CD69626C9695100A2AEC0 /* FocusView.xib */ = {isa = PBXFileReference; lastKnownFileType = file.xib; path = FocusView.xib; sourceTree = "<group>"; };
		6F9CD69826CA200A00A2AEC0 /* todayViewController.swift */ = {isa = PBXFileReference; lastKnownFileType = sourcecode.swift; path = todayViewController.swift; sourceTree = "<group>"; };
		6F9CD6BF26CACCC500A2AEC0 /* signup.png */ = {isa = PBXFileReference; lastKnownFileType = image.png; path = signup.png; sourceTree = "<group>"; };
		6F9CD6C026CACD0800A2AEC0 /* mypageBaner.png */ = {isa = PBXFileReference; lastKnownFileType = image.png; path = mypageBaner.png; sourceTree = "<group>"; };
		6F9CD6C126CACD0800A2AEC0 /* profileImage.png */ = {isa = PBXFileReference; lastKnownFileType = image.png; path = profileImage.png; sourceTree = "<group>"; };
		6F9CD6C426CAD14500A2AEC0 /* loginViewController.swift */ = {isa = PBXFileReference; lastKnownFileType = sourcecode.swift; path = loginViewController.swift; sourceTree = "<group>"; };
		6F9F6CAD26C9436D00802FD1 /* mainidus.png */ = {isa = PBXFileReference; lastKnownFileType = image.png; path = mainidus.png; sourceTree = "<group>"; };
		6F9F6CAF26C94F2400802FD1 /* MenuCell.swift */ = {isa = PBXFileReference; lastKnownFileType = sourcecode.swift; path = MenuCell.swift; sourceTree = "<group>"; };
		6F9F6CB526C94F8C00802FD1 /* MenuCell.xib */ = {isa = PBXFileReference; lastKnownFileType = file.xib; path = MenuCell.xib; sourceTree = "<group>"; };
		6FDE138926CE237900A52132 /* todayTableViewCell.swift */ = {isa = PBXFileReference; lastKnownFileType = sourcecode.swift; path = todayTableViewCell.swift; sourceTree = "<group>"; };
		6FDE138B26CE23A100A52132 /* todayTableViewCell.xib */ = {isa = PBXFileReference; lastKnownFileType = file.xib; path = todayTableViewCell.xib; sourceTree = "<group>"; };
		6FDE138D26CE25F000A52132 /* today2.jpeg */ = {isa = PBXFileReference; lastKnownFileType = image.jpeg; path = today2.jpeg; sourceTree = "<group>"; };
		6FDE138E26CE25F000A52132 /* today3.jpeg */ = {isa = PBXFileReference; lastKnownFileType = image.jpeg; path = today3.jpeg; sourceTree = "<group>"; };
		6FDE138F26CE25F000A52132 /* today1.jpeg */ = {isa = PBXFileReference; lastKnownFileType = image.jpeg; path = today1.jpeg; sourceTree = "<group>"; };
		6FDE13A026CE4FC100A52132 /* CollectionViewCell.swift */ = {isa = PBXFileReference; lastKnownFileType = sourcecode.swift; path = CollectionViewCell.swift; sourceTree = "<group>"; };
		6FDE13A126CE4FC100A52132 /* CollectionViewCell.xib */ = {isa = PBXFileReference; lastKnownFileType = file.xib; path = CollectionViewCell.xib; sourceTree = "<group>"; };
		6FEE742926C7DA7700D0D159 /* idus.app */ = {isa = PBXFileReference; explicitFileType = wrapper.application; includeInIndex = 0; path = idus.app; sourceTree = BUILT_PRODUCTS_DIR; };
		6FEE742C26C7DA7700D0D159 /* AppDelegate.swift */ = {isa = PBXFileReference; lastKnownFileType = sourcecode.swift; path = AppDelegate.swift; sourceTree = "<group>"; };
		6FEE742E26C7DA7700D0D159 /* SceneDelegate.swift */ = {isa = PBXFileReference; lastKnownFileType = sourcecode.swift; path = SceneDelegate.swift; sourceTree = "<group>"; };
		6FEE743026C7DA7700D0D159 /* ViewController.swift */ = {isa = PBXFileReference; lastKnownFileType = sourcecode.swift; path = ViewController.swift; sourceTree = "<group>"; };
		6FEE743326C7DA7700D0D159 /* Base */ = {isa = PBXFileReference; lastKnownFileType = file.storyboard; name = Base; path = Base.lproj/Main.storyboard; sourceTree = "<group>"; };
		6FEE743526C7DA7900D0D159 /* Assets.xcassets */ = {isa = PBXFileReference; lastKnownFileType = folder.assetcatalog; path = Assets.xcassets; sourceTree = "<group>"; };
		6FEE743826C7DA7900D0D159 /* Base */ = {isa = PBXFileReference; lastKnownFileType = file.storyboard; name = Base; path = Base.lproj/LaunchScreen.storyboard; sourceTree = "<group>"; };
		6FEE743A26C7DA7900D0D159 /* Info.plist */ = {isa = PBXFileReference; lastKnownFileType = text.plist.xml; path = Info.plist; sourceTree = "<group>"; };
		6FEE744126C7DF9600D0D159 /* kakao.png */ = {isa = PBXFileReference; lastKnownFileType = image.png; path = kakao.png; sourceTree = "<group>"; };
		6FEE744326C7DFA400D0D159 /* btnG_완성형.png */ = {isa = PBXFileReference; lastKnownFileType = image.png; path = "btnG_완성형.png"; sourceTree = "<group>"; };
		6FEE744626C7E5B100D0D159 /* MyPageViewController.swift */ = {isa = PBXFileReference; lastKnownFileType = sourcecode.swift; path = MyPageViewController.swift; sourceTree = "<group>"; };
		6FEE744826C7EC8000D0D159 /* MainViewController.swift */ = {isa = PBXFileReference; lastKnownFileType = sourcecode.swift; path = MainViewController.swift; sourceTree = "<group>"; };
		6FEE744A26C802B300D0D159 /* mypagebottom.jpeg */ = {isa = PBXFileReference; lastKnownFileType = image.jpeg; path = mypagebottom.jpeg; sourceTree = "<group>"; };
		6FEE744C26C8036C00D0D159 /* mainImage.jpg */ = {isa = PBXFileReference; lastKnownFileType = image.jpeg; path = mainImage.jpg; sourceTree = "<group>"; };
		6FEE745526C81E5900D0D159 /* signup.png */ = {isa = PBXFileReference; lastKnownFileType = image.png; name = signup.png; path = ../../../../../../signup.png; sourceTree = "<group>"; };
		7C39EB99D35627575853C08A /* Pods-idus.release.xcconfig */ = {isa = PBXFileReference; includeInIndex = 1; lastKnownFileType = text.xcconfig; name = "Pods-idus.release.xcconfig"; path = "Target Support Files/Pods-idus/Pods-idus.release.xcconfig"; sourceTree = "<group>"; };
		CAADC838E83EED02E260E43A /* Pods-idus.debug.xcconfig */ = {isa = PBXFileReference; includeInIndex = 1; lastKnownFileType = text.xcconfig; name = "Pods-idus.debug.xcconfig"; path = "Target Support Files/Pods-idus/Pods-idus.debug.xcconfig"; sourceTree = "<group>"; };
/* End PBXFileReference section */

/* Begin PBXFrameworksBuildPhase section */
		6FEE742626C7DA7700D0D159 /* Frameworks */ = {
			isa = PBXFrameworksBuildPhase;
			buildActionMask = 2147483647;
			files = (
				53D2C142ACB8A4D6560EC0BA /* Pods_idus.framework in Frameworks */,
			);
			runOnlyForDeploymentPostprocessing = 0;
		};
/* End PBXFrameworksBuildPhase section */

/* Begin PBXGroup section */
		5FC9B235711804739028299D /* Pods */ = {
			isa = PBXGroup;
			children = (
				CAADC838E83EED02E260E43A /* Pods-idus.debug.xcconfig */,
				7C39EB99D35627575853C08A /* Pods-idus.release.xcconfig */,
			);
			path = Pods;
			sourceTree = "<group>";
		};
		6F2C025E26CB6E5B004A32FF /* User */ = {
			isa = PBXGroup;
			children = (
				6F79205F26CD21A1005D07FA /* MyPage */,
				6F2C026126CB6EAF004A32FF /* Login */,
				6F2C026026CB6E96004A32FF /* Signup */,
			);
			path = User;
			sourceTree = "<group>";
		};
		6F2C025F26CB6E8D004A32FF /* Configuration */ = {
			isa = PBXGroup;
			children = (
				6F2C026B26CB72A8004A32FF /* Constant.swift */,
				6F8C48F326CB949600E4E1C4 /* Base */,
				6F8C48F526CB949600E4E1C4 /* CommonClass */,
				6F8C48F826CB949700E4E1C4 /* Extension */,
			);
			path = Configuration;
			sourceTree = "<group>";
		};
		6F2C026026CB6E96004A32FF /* Signup */ = {
			isa = PBXGroup;
			children = (
				6F8C492926CBD47500E4E1C4 /* signupViewController.swift */,
				6F79205926CBFE1B005D07FA /* signupDataManager.swift */,
				6F2C026226CB6EC7004A32FF /* Entity */,
			);
			path = Signup;
			sourceTree = "<group>";
		};
		6F2C026126CB6EAF004A32FF /* Login */ = {
			isa = PBXGroup;
			children = (
				6F9CD6C426CAD14500A2AEC0 /* loginViewController.swift */,
				6F2C026826CB71BB004A32FF /* loginDataManager.swift */,
				6F2C026326CB6EDA004A32FF /* Entity */,
			);
			path = Login;
			sourceTree = "<group>";
		};
		6F2C026226CB6EC7004A32FF /* Entity */ = {
			isa = PBXGroup;
			children = (
				6F79205B26CBFEF7005D07FA /* signupReq.swift */,
				6F79205D26CBFF0C005D07FA /* signupRes.swift */,
			);
			path = Entity;
			sourceTree = "<group>";
		};
		6F2C026326CB6EDA004A32FF /* Entity */ = {
			isa = PBXGroup;
			children = (
				6F2C026426CB7017004A32FF /* loginReq.swift */,
				6F2C026626CB7022004A32FF /* loginRes.swift */,
			);
			path = Entity;
			sourceTree = "<group>";
		};
		6F79205F26CD21A1005D07FA /* MyPage */ = {
			isa = PBXGroup;
			children = (
				6FEE744626C7E5B100D0D159 /* MyPageViewController.swift */,
				6F79206226CD21D4005D07FA /* mypageDataManager.swift */,
				6F79206126CD21B8005D07FA /* Entity */,
			);
			path = MyPage;
			sourceTree = "<group>";
		};
		6F79206026CD21AF005D07FA /* Today */ = {
			isa = PBXGroup;
			children = (
				6FDE138B26CE23A100A52132 /* todayTableViewCell.xib */,
				6F9CD69826CA200A00A2AEC0 /* todayViewController.swift */,
				6FDE138926CE237900A52132 /* todayTableViewCell.swift */,
				6FDE13A026CE4FC100A52132 /* CollectionViewCell.swift */,
				6FDE13A126CE4FC100A52132 /* CollectionViewCell.xib */,
			);
			path = Today;
			sourceTree = "<group>";
		};
		6F79206126CD21B8005D07FA /* Entity */ = {
			isa = PBXGroup;
			children = (
				6F79206426CD21F4005D07FA /* myPageReq.swift */,
				6F79206926CD6941005D07FA /* myPageRes.swift */,
			);
			path = Entity;
			sourceTree = "<group>";
		};
		6F79206826CD620A005D07FA /* Product */ = {
			isa = PBXGroup;
			children = (
				6FDE139D26CE329100A52132 /* New Group */,
				6F79206026CD21AF005D07FA /* Today */,
			);
			path = Product;
			sourceTree = "<group>";
		};
		6F8C48F326CB949600E4E1C4 /* Base */ = {
			isa = PBXGroup;
			children = (
				6F8C48F426CB949600E4E1C4 /* BaseViewController.swift */,
			);
			path = Base;
			sourceTree = "<group>";
		};
		6F8C48F526CB949600E4E1C4 /* CommonClass */ = {
			isa = PBXGroup;
			children = (
				6F8C491F26CB98F200E4E1C4 /* IndicatorView.swift */,
				6F8C492126CB990900E4E1C4 /* Device.swift */,
			);
			path = CommonClass;
			sourceTree = "<group>";
		};
		6F8C48F826CB949700E4E1C4 /* Extension */ = {
			isa = PBXGroup;
			children = (
				6F8C491D26CB987C00E4E1C4 /* UIViewController.swift */,
				6F8C492326CB999900E4E1C4 /* String.swift */,
				6F8C492526CB9A0600E4E1C4 /* Color.swift */,
			);
			path = Extension;
			sourceTree = "<group>";
		};
		6F8C490026CB94A100E4E1C4 /* Sources */ = {
			isa = PBXGroup;
			children = (
				6F8C491326CB94A100E4E1C4 /* Action */,
			);
			path = Sources;
			sourceTree = "<group>";
		};
		6F8C491326CB94A100E4E1C4 /* Action */ = {
			isa = PBXGroup;
			children = (
				6F8C491426CB94A100E4E1C4 /* Transition */,
				6F8C491826CB94A100E4E1C4 /* ActionViewController.swift */,
				6F8C491926CB94A100E4E1C4 /* Alert */,
			);
			path = Action;
			sourceTree = "<group>";
		};
		6F8C491426CB94A100E4E1C4 /* Transition */ = {
			isa = PBXGroup;
			children = (
				6F8C491526CB94A100E4E1C4 /* Next */,
				6F8C491726CB94A100E4E1C4 /* TransitionViewController.swift */,
			);
			path = Transition;
			sourceTree = "<group>";
		};
		6F8C491526CB94A100E4E1C4 /* Next */ = {
			isa = PBXGroup;
			children = (
				6F8C491626CB94A100E4E1C4 /* TransitionNextViewController.swift */,
			);
			path = Next;
			sourceTree = "<group>";
		};
		6F8C491926CB94A100E4E1C4 /* Alert */ = {
			isa = PBXGroup;
			children = (
				6F8C491A26CB94A100E4E1C4 /* AlertViewController.swift */,
			);
			path = Alert;
			sourceTree = "<group>";
		};
		6F9F6CB926C9543400802FD1 /* xib */ = {
			isa = PBXGroup;
			children = (
				6F9F6CB526C94F8C00802FD1 /* MenuCell.xib */,
				6F9CD69626C9695100A2AEC0 /* FocusView.xib */,
			);
			path = xib;
			sourceTree = "<group>";
		};
		6FDE139D26CE329100A52132 /* New Group */ = {
			isa = PBXGroup;
			children = (
			);
			path = "New Group";
			sourceTree = "<group>";
		};
		6FEE742026C7DA7700D0D159 = {
			isa = PBXGroup;
			children = (
				6FEE742B26C7DA7700D0D159 /* idus */,
				6FEE742A26C7DA7700D0D159 /* Products */,
				5FC9B235711804739028299D /* Pods */,
				CF3618F72D03A3FEBB4DF080 /* Frameworks */,
			);
			sourceTree = "<group>";
		};
		6FEE742A26C7DA7700D0D159 /* Products */ = {
			isa = PBXGroup;
			children = (
				6FEE742926C7DA7700D0D159 /* idus.app */,
			);
			name = Products;
			sourceTree = "<group>";
		};
		6FEE742B26C7DA7700D0D159 /* idus */ = {
			isa = PBXGroup;
			children = (
				6F8C490026CB94A100E4E1C4 /* Sources */,
				6FEE744026C7DF8000D0D159 /* images */,
				6F2C025F26CB6E8D004A32FF /* Configuration */,
				6F79206826CD620A005D07FA /* Product */,
				6F2C025E26CB6E5B004A32FF /* User */,
				6F9F6CB926C9543400802FD1 /* xib */,
				6FEE744526C7E1D600D0D159 /* VC */,
				6FEE742C26C7DA7700D0D159 /* AppDelegate.swift */,
				6FEE742E26C7DA7700D0D159 /* SceneDelegate.swift */,
				6FEE743226C7DA7700D0D159 /* Main.storyboard */,
				6F9F6CAF26C94F2400802FD1 /* MenuCell.swift */,
				6FEE743526C7DA7900D0D159 /* Assets.xcassets */,
				6FEE743726C7DA7900D0D159 /* LaunchScreen.storyboard */,
				6FEE743A26C7DA7900D0D159 /* Info.plist */,
			);
			path = idus;
			sourceTree = "<group>";
		};
		6FEE744026C7DF8000D0D159 /* images */ = {
			isa = PBXGroup;
			children = (
				6FDE138F26CE25F000A52132 /* today1.jpeg */,
				6FDE138D26CE25F000A52132 /* today2.jpeg */,
				6FDE138E26CE25F000A52132 /* today3.jpeg */,
				6F9CD6C026CACD0800A2AEC0 /* mypageBaner.png */,
				6F9CD6C126CACD0800A2AEC0 /* profileImage.png */,
				6FEE745526C81E5900D0D159 /* signup.png */,
				6F9CD6BF26CACCC500A2AEC0 /* signup.png */,
				6FEE744C26C8036C00D0D159 /* mainImage.jpg */,
				6F8C492726CB9FB500E4E1C4 /* mainpage.png */,
				6FEE744126C7DF9600D0D159 /* kakao.png */,
				6F9F6CAD26C9436D00802FD1 /* mainidus.png */,
				6FEE744A26C802B300D0D159 /* mypagebottom.jpeg */,
				6FEE744326C7DFA400D0D159 /* btnG_완성형.png */,
			);
			path = images;
			sourceTree = "<group>";
		};
		6FEE744526C7E1D600D0D159 /* VC */ = {
			isa = PBXGroup;
			children = (
				6FEE743026C7DA7700D0D159 /* ViewController.swift */,
				6FEE744826C7EC8000D0D159 /* MainViewController.swift */,
			);
			path = VC;
			sourceTree = "<group>";
		};
		CF3618F72D03A3FEBB4DF080 /* Frameworks */ = {
			isa = PBXGroup;
			children = (
				60D66314D730CD63119D70A7 /* Pods_idus.framework */,
			);
			name = Frameworks;
			sourceTree = "<group>";
		};
/* End PBXGroup section */

/* Begin PBXNativeTarget section */
		6FEE742826C7DA7700D0D159 /* idus */ = {
			isa = PBXNativeTarget;
			buildConfigurationList = 6FEE743D26C7DA7900D0D159 /* Build configuration list for PBXNativeTarget "idus" */;
			buildPhases = (
				C4CCFD90D6D3C6CEF9271D23 /* [CP] Check Pods Manifest.lock */,
				6FEE742526C7DA7700D0D159 /* Sources */,
				6FEE742626C7DA7700D0D159 /* Frameworks */,
				6FEE742726C7DA7700D0D159 /* Resources */,
				A707CC1728693FEA9F5A7607 /* [CP] Embed Pods Frameworks */,
			);
			buildRules = (
			);
			dependencies = (
			);
			name = idus;
			productName = idus;
			productReference = 6FEE742926C7DA7700D0D159 /* idus.app */;
			productType = "com.apple.product-type.application";
		};
/* End PBXNativeTarget section */

/* Begin PBXProject section */
		6FEE742126C7DA7700D0D159 /* Project object */ = {
			isa = PBXProject;
			attributes = {
				LastSwiftUpdateCheck = 1250;
				LastUpgradeCheck = 1250;
				TargetAttributes = {
					6FEE742826C7DA7700D0D159 = {
						CreatedOnToolsVersion = 12.5.1;
					};
				};
			};
			buildConfigurationList = 6FEE742426C7DA7700D0D159 /* Build configuration list for PBXProject "idus" */;
			compatibilityVersion = "Xcode 9.3";
			developmentRegion = en;
			hasScannedForEncodings = 0;
			knownRegions = (
				en,
				Base,
			);
			mainGroup = 6FEE742026C7DA7700D0D159;
			productRefGroup = 6FEE742A26C7DA7700D0D159 /* Products */;
			projectDirPath = "";
			projectRoot = "";
			targets = (
				6FEE742826C7DA7700D0D159 /* idus */,
			);
		};
/* End PBXProject section */

/* Begin PBXResourcesBuildPhase section */
		6FEE742726C7DA7700D0D159 /* Resources */ = {
			isa = PBXResourcesBuildPhase;
			buildActionMask = 2147483647;
			files = (
				6FDE138C26CE23A100A52132 /* todayTableViewCell.xib in Resources */,
				6F9CD6C226CACD0800A2AEC0 /* mypageBaner.png in Resources */,
				6FDE139026CE25F000A52132 /* today2.jpeg in Resources */,
				6FEE743926C7DA7900D0D159 /* LaunchScreen.storyboard in Resources */,
				6F9CD69726C9695100A2AEC0 /* FocusView.xib in Resources */,
				6F9F6CAE26C9436D00802FD1 /* mainidus.png in Resources */,
				6FDE13A326CE4FC100A52132 /* CollectionViewCell.xib in Resources */,
				6FEE743626C7DA7900D0D159 /* Assets.xcassets in Resources */,
				6FDE139226CE25F000A52132 /* today1.jpeg in Resources */,
				6FEE744D26C8036C00D0D159 /* mainImage.jpg in Resources */,
				6F9F6CB626C94F8C00802FD1 /* MenuCell.xib in Resources */,
				6F8C492826CB9FB500E4E1C4 /* mainpage.png in Resources */,
				6FEE744426C7DFA400D0D159 /* btnG_완성형.png in Resources */,
				6F9CD6C326CACD0800A2AEC0 /* profileImage.png in Resources */,
				6FEE744B26C802B400D0D159 /* mypagebottom.jpeg in Resources */,
				6FEE743426C7DA7700D0D159 /* Main.storyboard in Resources */,
				6FEE744226C7DF9600D0D159 /* kakao.png in Resources */,
				6FEE745626C81E5A00D0D159 /* signup.png in Resources */,
				6FDE139126CE25F000A52132 /* today3.jpeg in Resources */,
			);
			runOnlyForDeploymentPostprocessing = 0;
		};
/* End PBXResourcesBuildPhase section */

/* Begin PBXShellScriptBuildPhase section */
		A707CC1728693FEA9F5A7607 /* [CP] Embed Pods Frameworks */ = {
			isa = PBXShellScriptBuildPhase;
			buildActionMask = 2147483647;
			files = (
			);
			inputFileListPaths = (
				"${PODS_ROOT}/Target Support Files/Pods-idus/Pods-idus-frameworks-${CONFIGURATION}-input-files.xcfilelist",
			);
			name = "[CP] Embed Pods Frameworks";
			outputFileListPaths = (
				"${PODS_ROOT}/Target Support Files/Pods-idus/Pods-idus-frameworks-${CONFIGURATION}-output-files.xcfilelist",
			);
			runOnlyForDeploymentPostprocessing = 0;
			shellPath = /bin/sh;
			shellScript = "\"${PODS_ROOT}/Target Support Files/Pods-idus/Pods-idus-frameworks.sh\"\n";
			showEnvVarsInLog = 0;
		};
		C4CCFD90D6D3C6CEF9271D23 /* [CP] Check Pods Manifest.lock */ = {
			isa = PBXShellScriptBuildPhase;
			buildActionMask = 2147483647;
			files = (
			);
			inputFileListPaths = (
			);
			inputPaths = (
				"${PODS_PODFILE_DIR_PATH}/Podfile.lock",
				"${PODS_ROOT}/Manifest.lock",
			);
			name = "[CP] Check Pods Manifest.lock";
			outputFileListPaths = (
			);
			outputPaths = (
				"$(DERIVED_FILE_DIR)/Pods-idus-checkManifestLockResult.txt",
			);
			runOnlyForDeploymentPostprocessing = 0;
			shellPath = /bin/sh;
			shellScript = "diff \"${PODS_PODFILE_DIR_PATH}/Podfile.lock\" \"${PODS_ROOT}/Manifest.lock\" > /dev/null\nif [ $? != 0 ] ; then\n    # print error to STDERR\n    echo \"error: The sandbox is not in sync with the Podfile.lock. Run 'pod install' or update your CocoaPods installation.\" >&2\n    exit 1\nfi\n# This output is used by Xcode 'outputs' to avoid re-running this script phase.\necho \"SUCCESS\" > \"${SCRIPT_OUTPUT_FILE_0}\"\n";
			showEnvVarsInLog = 0;
		};
/* End PBXShellScriptBuildPhase section */

/* Begin PBXSourcesBuildPhase section */
		6FEE742526C7DA7700D0D159 /* Sources */ = {
			isa = PBXSourcesBuildPhase;
			buildActionMask = 2147483647;
			files = (
				6FEE743126C7DA7700D0D159 /* ViewController.swift in Sources */,
				6FDE138A26CE237900A52132 /* todayTableViewCell.swift in Sources */,
				6F2C026926CB71BB004A32FF /* loginDataManager.swift in Sources */,
				6F9CD69926CA200A00A2AEC0 /* todayViewController.swift in Sources */,
				6F2C026526CB7017004A32FF /* loginReq.swift in Sources */,
				6F8C492A26CBD47500E4E1C4 /* signupViewController.swift in Sources */,
				6F8C492626CB9A0600E4E1C4 /* Color.swift in Sources */,
				6F79206326CD21D4005D07FA /* mypageDataManager.swift in Sources */,
				6F79206A26CD6941005D07FA /* myPageRes.swift in Sources */,
				6FEE742D26C7DA7700D0D159 /* AppDelegate.swift in Sources */,
				6F2C026726CB7022004A32FF /* loginRes.swift in Sources */,
				6F9F6CB026C94F2400802FD1 /* MenuCell.swift in Sources */,
				6F8C491E26CB987C00E4E1C4 /* UIViewController.swift in Sources */,
				6F79205A26CBFE1B005D07FA /* signupDataManager.swift in Sources */,
				6F79205E26CBFF0C005D07FA /* signupRes.swift in Sources */,
				6F9CD6C526CAD14500A2AEC0 /* loginViewController.swift in Sources */,
				6F8C492226CB990900E4E1C4 /* Device.swift in Sources */,
				6FEE742F26C7DA7700D0D159 /* SceneDelegate.swift in Sources */,
				6F8C492026CB98F200E4E1C4 /* IndicatorView.swift in Sources */,
				6FDE13A226CE4FC100A52132 /* CollectionViewCell.swift in Sources */,
				6FEE744726C7E5B100D0D159 /* MyPageViewController.swift in Sources */,
				6F79205C26CBFEF7005D07FA /* signupReq.swift in Sources */,
				6FEE744926C7EC8000D0D159 /* MainViewController.swift in Sources */,
				6F8C492426CB999900E4E1C4 /* String.swift in Sources */,
				6F2C026C26CB72A8004A32FF /* Constant.swift in Sources */,
				6F79206526CD21F4005D07FA /* myPageReq.swift in Sources */,
			);
			runOnlyForDeploymentPostprocessing = 0;
		};
/* End PBXSourcesBuildPhase section */

/* Begin PBXVariantGroup section */
		6FEE743226C7DA7700D0D159 /* Main.storyboard */ = {
			isa = PBXVariantGroup;
			children = (
				6FEE743326C7DA7700D0D159 /* Base */,
			);
			name = Main.storyboard;
			sourceTree = "<group>";
		};
		6FEE743726C7DA7900D0D159 /* LaunchScreen.storyboard */ = {
			isa = PBXVariantGroup;
			children = (
				6FEE743826C7DA7900D0D159 /* Base */,
			);
			name = LaunchScreen.storyboard;
			sourceTree = "<group>";
		};
/* End PBXVariantGroup section */

/* Begin XCBuildConfiguration section */
		6FEE743B26C7DA7900D0D159 /* Debug */ = {
			isa = XCBuildConfiguration;
			buildSettings = {
				ALWAYS_SEARCH_USER_PATHS = NO;
				CLANG_ANALYZER_NONNULL = YES;
				CLANG_ANALYZER_NUMBER_OBJECT_CONVERSION = YES_AGGRESSIVE;
				CLANG_CXX_LANGUAGE_STANDARD = "gnu++14";
				CLANG_CXX_LIBRARY = "libc++";
				CLANG_ENABLE_MODULES = YES;
				CLANG_ENABLE_OBJC_ARC = YES;
				CLANG_ENABLE_OBJC_WEAK = YES;
				CLANG_WARN_BLOCK_CAPTURE_AUTORELEASING = YES;
				CLANG_WARN_BOOL_CONVERSION = YES;
				CLANG_WARN_COMMA = YES;
				CLANG_WARN_CONSTANT_CONVERSION = YES;
				CLANG_WARN_DEPRECATED_OBJC_IMPLEMENTATIONS = YES;
				CLANG_WARN_DIRECT_OBJC_ISA_USAGE = YES_ERROR;
				CLANG_WARN_DOCUMENTATION_COMMENTS = YES;
				CLANG_WARN_EMPTY_BODY = YES;
				CLANG_WARN_ENUM_CONVERSION = YES;
				CLANG_WARN_INFINITE_RECURSION = YES;
				CLANG_WARN_INT_CONVERSION = YES;
				CLANG_WARN_NON_LITERAL_NULL_CONVERSION = YES;
				CLANG_WARN_OBJC_IMPLICIT_RETAIN_SELF = YES;
				CLANG_WARN_OBJC_LITERAL_CONVERSION = YES;
				CLANG_WARN_OBJC_ROOT_CLASS = YES_ERROR;
				CLANG_WARN_QUOTED_INCLUDE_IN_FRAMEWORK_HEADER = YES;
				CLANG_WARN_RANGE_LOOP_ANALYSIS = YES;
				CLANG_WARN_STRICT_PROTOTYPES = YES;
				CLANG_WARN_SUSPICIOUS_MOVE = YES;
				CLANG_WARN_UNGUARDED_AVAILABILITY = YES_AGGRESSIVE;
				CLANG_WARN_UNREACHABLE_CODE = YES;
				CLANG_WARN__DUPLICATE_METHOD_MATCH = YES;
				COPY_PHASE_STRIP = NO;
				DEBUG_INFORMATION_FORMAT = dwarf;
				ENABLE_STRICT_OBJC_MSGSEND = YES;
				ENABLE_TESTABILITY = YES;
				GCC_C_LANGUAGE_STANDARD = gnu11;
				GCC_DYNAMIC_NO_PIC = NO;
				GCC_NO_COMMON_BLOCKS = YES;
				GCC_OPTIMIZATION_LEVEL = 0;
				GCC_PREPROCESSOR_DEFINITIONS = (
					"DEBUG=1",
					"$(inherited)",
				);
				GCC_WARN_64_TO_32_BIT_CONVERSION = YES;
				GCC_WARN_ABOUT_RETURN_TYPE = YES_ERROR;
				GCC_WARN_UNDECLARED_SELECTOR = YES;
				GCC_WARN_UNINITIALIZED_AUTOS = YES_AGGRESSIVE;
				GCC_WARN_UNUSED_FUNCTION = YES;
				GCC_WARN_UNUSED_VARIABLE = YES;
				IPHONEOS_DEPLOYMENT_TARGET = 14.5;
				MTL_ENABLE_DEBUG_INFO = INCLUDE_SOURCE;
				MTL_FAST_MATH = YES;
				ONLY_ACTIVE_ARCH = YES;
				SDKROOT = iphoneos;
				SWIFT_ACTIVE_COMPILATION_CONDITIONS = DEBUG;
				SWIFT_OPTIMIZATION_LEVEL = "-Onone";
			};
			name = Debug;
		};
		6FEE743C26C7DA7900D0D159 /* Release */ = {
			isa = XCBuildConfiguration;
			buildSettings = {
				ALWAYS_SEARCH_USER_PATHS = NO;
				CLANG_ANALYZER_NONNULL = YES;
				CLANG_ANALYZER_NUMBER_OBJECT_CONVERSION = YES_AGGRESSIVE;
				CLANG_CXX_LANGUAGE_STANDARD = "gnu++14";
				CLANG_CXX_LIBRARY = "libc++";
				CLANG_ENABLE_MODULES = YES;
				CLANG_ENABLE_OBJC_ARC = YES;
				CLANG_ENABLE_OBJC_WEAK = YES;
				CLANG_WARN_BLOCK_CAPTURE_AUTORELEASING = YES;
				CLANG_WARN_BOOL_CONVERSION = YES;
				CLANG_WARN_COMMA = YES;
				CLANG_WARN_CONSTANT_CONVERSION = YES;
				CLANG_WARN_DEPRECATED_OBJC_IMPLEMENTATIONS = YES;
				CLANG_WARN_DIRECT_OBJC_ISA_USAGE = YES_ERROR;
				CLANG_WARN_DOCUMENTATION_COMMENTS = YES;
				CLANG_WARN_EMPTY_BODY = YES;
				CLANG_WARN_ENUM_CONVERSION = YES;
				CLANG_WARN_INFINITE_RECURSION = YES;
				CLANG_WARN_INT_CONVERSION = YES;
				CLANG_WARN_NON_LITERAL_NULL_CONVERSION = YES;
				CLANG_WARN_OBJC_IMPLICIT_RETAIN_SELF = YES;
				CLANG_WARN_OBJC_LITERAL_CONVERSION = YES;
				CLANG_WARN_OBJC_ROOT_CLASS = YES_ERROR;
				CLANG_WARN_QUOTED_INCLUDE_IN_FRAMEWORK_HEADER = YES;
				CLANG_WARN_RANGE_LOOP_ANALYSIS = YES;
				CLANG_WARN_STRICT_PROTOTYPES = YES;
				CLANG_WARN_SUSPICIOUS_MOVE = YES;
				CLANG_WARN_UNGUARDED_AVAILABILITY = YES_AGGRESSIVE;
				CLANG_WARN_UNREACHABLE_CODE = YES;
				CLANG_WARN__DUPLICATE_METHOD_MATCH = YES;
				COPY_PHASE_STRIP = NO;
				DEBUG_INFORMATION_FORMAT = "dwarf-with-dsym";
				ENABLE_NS_ASSERTIONS = NO;
				ENABLE_STRICT_OBJC_MSGSEND = YES;
				GCC_C_LANGUAGE_STANDARD = gnu11;
				GCC_NO_COMMON_BLOCKS = YES;
				GCC_WARN_64_TO_32_BIT_CONVERSION = YES;
				GCC_WARN_ABOUT_RETURN_TYPE = YES_ERROR;
				GCC_WARN_UNDECLARED_SELECTOR = YES;
				GCC_WARN_UNINITIALIZED_AUTOS = YES_AGGRESSIVE;
				GCC_WARN_UNUSED_FUNCTION = YES;
				GCC_WARN_UNUSED_VARIABLE = YES;
				IPHONEOS_DEPLOYMENT_TARGET = 14.5;
				MTL_ENABLE_DEBUG_INFO = NO;
				MTL_FAST_MATH = YES;
				SDKROOT = iphoneos;
				SWIFT_COMPILATION_MODE = wholemodule;
				SWIFT_OPTIMIZATION_LEVEL = "-O";
				VALIDATE_PRODUCT = YES;
			};
			name = Release;
		};
		6FEE743E26C7DA7900D0D159 /* Debug */ = {
			isa = XCBuildConfiguration;
			baseConfigurationReference = CAADC838E83EED02E260E43A /* Pods-idus.debug.xcconfig */;
			buildSettings = {
				ASSETCATALOG_COMPILER_APPICON_NAME = AppIcon;
				ASSETCATALOG_COMPILER_GLOBAL_ACCENT_COLOR_NAME = AccentColor;
				CODE_SIGN_STYLE = Automatic;
				DEVELOPMENT_TEAM = D97N723355;
				INFOPLIST_FILE = idus/Info.plist;
				LD_RUNPATH_SEARCH_PATHS = (
					"$(inherited)",
					"@executable_path/Frameworks",
				);
				PRODUCT_BUNDLE_IDENTIFIER = com.swiftlec.idus;
				PRODUCT_NAME = "$(TARGET_NAME)";
				SWIFT_VERSION = 5.0;
				TARGETED_DEVICE_FAMILY = 1;
			};
			name = Debug;
		};
		6FEE743F26C7DA7900D0D159 /* Release */ = {
			isa = XCBuildConfiguration;
			baseConfigurationReference = 7C39EB99D35627575853C08A /* Pods-idus.release.xcconfig */;
			buildSettings = {
				ASSETCATALOG_COMPILER_APPICON_NAME = AppIcon;
				ASSETCATALOG_COMPILER_GLOBAL_ACCENT_COLOR_NAME = AccentColor;
				CODE_SIGN_STYLE = Automatic;
				DEVELOPMENT_TEAM = D97N723355;
				INFOPLIST_FILE = idus/Info.plist;
				LD_RUNPATH_SEARCH_PATHS = (
					"$(inherited)",
					"@executable_path/Frameworks",
				);
				PRODUCT_BUNDLE_IDENTIFIER = com.swiftlec.idus;
				PRODUCT_NAME = "$(TARGET_NAME)";
				SWIFT_VERSION = 5.0;
				TARGETED_DEVICE_FAMILY = 1;
			};
			name = Release;
		};
/* End XCBuildConfiguration section */

/* Begin XCConfigurationList section */
		6FEE742426C7DA7700D0D159 /* Build configuration list for PBXProject "idus" */ = {
			isa = XCConfigurationList;
			buildConfigurations = (
				6FEE743B26C7DA7900D0D159 /* Debug */,
				6FEE743C26C7DA7900D0D159 /* Release */,
			);
			defaultConfigurationIsVisible = 0;
			defaultConfigurationName = Release;
		};
		6FEE743D26C7DA7900D0D159 /* Build configuration list for PBXNativeTarget "idus" */ = {
			isa = XCConfigurationList;
			buildConfigurations = (
				6FEE743E26C7DA7900D0D159 /* Debug */,
				6FEE743F26C7DA7900D0D159 /* Release */,
			);
			defaultConfigurationIsVisible = 0;
			defaultConfigurationName = Release;
		};
/* End XCConfigurationList section */
	};
	rootObject = 6FEE742126C7DA7700D0D159 /* Project object */;
}
